
Microsoft Visual Studio Solution File, Format Version 11.00
# Visual Studio 2010 Express for Windows Phone
Project("{FAE04EC0-301F-11D3-BF4B-00C04F79EFBC}") = "PhoneApp3", "PhoneApp3\PhoneApp3.csproj", "{78C51489-D7C1-46FF-8DA6-9D4BE89CE718}"
EndProject
Project("{FAE04EC0-301F-11D3-BF4B-00C04F79EFBC}") = "PhoneXMPPClient", "XMPPClient\PhoneXMPPClient.csproj", "{8629E306-E0C8-4523-AFF6-F88C6E8E8EDA}"
EndProject
Project("{FAE04EC0-301F-11D3-BF4B-00C04F79EFBC}") = "phone.AudioClasses", "phone.AudioClasses\phone.AudioClasses.csproj", "{AA9373BE-5A3F-4DA0-86D8-448D2AA9BBAD}"
EndProject
Global
	GlobalSection(SolutionConfigurationPlatforms) = preSolution
		Debug|Any CPU = Debug|Any CPU
		Release|Any CPU = Release|Any CPU
	EndGlobalSection
	GlobalSection(ProjectConfigurationPlatforms) = postSolution
		{78C51489-D7C1-46FF-8DA6-9D4BE89CE718}.Debug|Any CPU.ActiveCfg = Debug|Any CPU
		{78C51489-D7C1-46FF-8DA6-9D4BE89CE718}.Debug|Any CPU.Build.0 = Debug|Any CPU
		{78C51489-D7C1-46FF-8DA6-9D4BE89CE718}.Debug|Any CPU.Deploy.0 = Debug|Any CPU
		{78C51489-D7C1-46FF-8DA6-9D4BE89CE718}.Release|Any CPU.ActiveCfg = Release|Any CPU
		{78C51489-D7C1-46FF-8DA6-9D4BE89CE718}.Release|Any CPU.Build.0 = Release|Any CPU
		{78C51489-D7C1-46FF-8DA6-9D4BE89CE718}.Release|Any CPU.Deploy.0 = Release|Any CPU
		{8629E306-E0C8-4523-AFF6-F88C6E8E8EDA}.Debug|Any CPU.ActiveCfg = Debug|Any CPU
		{8629E306-E0C8-4523-AFF6-F88C6E8E8EDA}.Debug|Any CPU.Build.0 = Debug|Any CPU
		{8629E306-E0C8-4523-AFF6-F88C6E8E8EDA}.Debug|Any CPU.Deploy.0 = Debug|Any CPU
		{8629E306-E0C8-4523-AFF6-F88C6E8E8EDA}.Release|Any CPU.ActiveCfg = Release|Any CPU
		{8629E306-E0C8-4523-AFF6-F88C6E8E8EDA}.Release|Any CPU.Build.0 = Release|Any CPU
		{8629E306-E0C8-4523-AFF6-F88C6E8E8EDA}.Release|Any CPU.Deploy.0 = Release|Any CPU
		{AA9373BE-5A3F-4DA0-86D8-448D2AA9BBAD}.Debug|Any CPU.ActiveCfg = Debug|Any CPU
		{AA9373BE-5A3F-4DA0-86D8-448D2AA9BBAD}.Debug|Any CPU.Build.0 = Debug|Any CPU
		{AA9373BE-5A3F-4DA0-86D8-448D2AA9BBAD}.Release|Any CPU.ActiveCfg = Release|Any CPU
		{AA9373BE-5A3F-4DA0-86D8-448D2AA9BBAD}.Release|Any CPU.Build.0 = Release|Any CPU
	EndGlobalSection
	GlobalSection(SolutionProperties) = preSolution
		HideSolutionNode = FALSE
	EndGlobalSection
EndGlobal
