
Microsoft Visual Studio Solution File, Format Version 11.00
# Visual Studio 2010
Project("{FAE04EC0-301F-11D3-BF4B-00C04F79EFBC}") = "socketserver", "SocketServer\socketserver.csproj", "{77F78E2F-A04F-4823-A2A9-3F1F27D0F8B8}"
EndProject
Project("{FAE04EC0-301F-11D3-BF4B-00C04F79EFBC}") = "phone.socketserver", "PhoneSocketServer\phone.socketserver.csproj", "{CCDE1A18-482A-469C-9115-3C51723026B7}"
EndProject
Project("{FAE04EC0-301F-11D3-BF4B-00C04F79EFBC}") = "phone.xmpp", "PhoneXMPPLibrary\phone.xmpp.csproj", "{08CA3C52-B65B-43F1-B60E-9A0F53021959}"
EndProject
Project("{FAE04EC0-301F-11D3-BF4B-00C04F79EFBC}") = "rtp", "RTP\rtp.csproj", "{69A1BADF-4974-4D35-A3EC-75B77B0A003B}"
EndProject
Project("{FAE04EC0-301F-11D3-BF4B-00C04F79EFBC}") = "socks5", "SOCKS5ServiceLibrary\socks5.csproj", "{D30DED6E-E360-4DDD-BD14-02B9361E676E}"
EndProject
Project("{FAE04EC0-301F-11D3-BF4B-00C04F79EFBC}") = "xmpp", "XMPPLibrary\xmpp.csproj", "{8DE3A173-A7A8-447F-846E-16C95F9C22AE}"
EndProject
Project("{FAE04EC0-301F-11D3-BF4B-00C04F79EFBC}") = "PhoneXMPPClient", "XMPPClient\PhoneXMPPClient.csproj", "{8629E306-E0C8-4523-AFF6-F88C6E8E8EDA}"
EndProject
Project("{FAE04EC0-301F-11D3-BF4B-00C04F79EFBC}") = "WPFXMPPClient", "WPFXMPPClient\WPFXMPPClient.csproj", "{F5A189B1-3E50-4E6F-996B-673CFA59EB3C}"
EndProject
Project("{2150E333-8FDC-42A3-9474-1A3956D46DE8}") = "Examples", "Examples", "{A6BE34E5-E742-448F-B64C-F7A958A48805}"
EndProject
Project("{FAE04EC0-301F-11D3-BF4B-00C04F79EFBC}") = "SOCKS5Test", "Examples\SOCKS5Test\SOCKS5Test.csproj", "{672051E4-EB29-400C-BAC4-E4F057391557}"
EndProject
Project("{FAE04EC0-301F-11D3-BF4B-00C04F79EFBC}") = "GroceryList", "GroceryList\GroceryList.csproj", "{7A6DED26-F6C0-4348-B7C8-31681236EBFD}"
EndProject
Project("{FAE04EC0-301F-11D3-BF4B-00C04F79EFBC}") = "JingleToneGeneratorService", "JingleToneGeneratorService\JingleToneGeneratorService.csproj", "{3B0EB829-A618-47D7-A38A-E94545FF2FC1}"
EndProject
Project("{FAE04EC0-301F-11D3-BF4B-00C04F79EFBC}") = "Tests", "Tests\Tests.csproj", "{66889025-CDAE-45AB-8839-569977CA05C1}"
EndProject
Project("{2150E333-8FDC-42A3-9474-1A3956D46DE8}") = "OtherLibs", "OtherLibs", "{10512982-5268-4102-A137-C334F3ABF856}"
EndProject
Project("{8BC9CEB8-8B4A-11D0-8D11-00A0C91BC942}") = "ImageUtils", "OtherLibs\ImageUtils\ImageUtils.vcxproj", "{53796A00-C33A-40FF-B28D-F977EB8A9103}"
EndProject
Project("{FAE04EC0-301F-11D3-BF4B-00C04F79EFBC}") = "WPFImageWindows", "OtherLibs\WPFImageControls\WPFImageWindows\WPFImageWindows.csproj", "{B914EE15-6A3C-4BAA-AB12-932D1325C86D}"
EndProject
Project("{FAE04EC0-301F-11D3-BF4B-00C04F79EFBC}") = "AudioClasses", "OtherLibs\AudioClasses\AudioClasses.csproj", "{CB219B28-DC51-4E22-BC61-80B97D8A39C0}"
EndProject
Project("{8BC9CEB8-8B4A-11D0-8D11-00A0C91BC942}") = "ImageAquisition", "OtherLibs\ImageAquisition\ImageAquisition.vcxproj", "{6D3414FC-4336-426A-BED4-814AB331FDF0}"
EndProject
Project("{FAE04EC0-301F-11D3-BF4B-00C04F79EFBC}") = "phone.rtp", "phone.rtp\phone.rtp.csproj", "{7EC1E48F-1605-499B-906A-ECA507BB27F8}"
EndProject
Project("{FAE04EC0-301F-11D3-BF4B-00C04F79EFBC}") = "phone.AudioClasses", "OtherLibs\phone.AudioClasses\phone.AudioClasses.csproj", "{AA9373BE-5A3F-4DA0-86D8-448D2AA9BBAD}"
EndProject
Project("{FAE04EC0-301F-11D3-BF4B-00C04F79EFBC}") = "PhoneSoundEffectsAudioPlaybackAgent", "PhoneSoundEffectsAudioPlaybackAgent\PhoneSoundEffectsAudioPlaybackAgent.csproj", "{741BC747-C5AF-4558-8E83-2E214F2EEF47}"
EndProject
Project("{FAE04EC0-301F-11D3-BF4B-00C04F79EFBC}") = "LocationClasses", "OtherLibs\LocationClasses\LocationClasses.csproj", "{D6B49DD9-1145-4F43-A48F-CB47C2CA15C4}"
EndProject
Global
	GlobalSection(TeamFoundationVersionControl) = preSolution
		SccNumberOfProjects = 21
		SccEnterpriseProvider = {4CA58AB2-18FA-4F8D-95D4-32DDF27D184C}
		SccTeamFoundationServer = https://tfs.codeplex.com/tfs/tfs26
		SccLocalPath0 = .
		SccProjectUniqueName1 = PhoneSocketServer\\phone.socketserver.csproj
		SccProjectName1 = PhoneSocketServer
		SccLocalPath1 = PhoneSocketServer
		SccProjectUniqueName2 = PhoneXMPPLibrary\\phone.xmpp.csproj
		SccProjectName2 = PhoneXMPPLibrary
		SccLocalPath2 = PhoneXMPPLibrary
		SccProjectUniqueName3 = RTP\\rtp.csproj
		SccProjectName3 = RTP
		SccLocalPath3 = RTP
		SccProjectUniqueName4 = SocketServer\\socketserver.csproj
		SccProjectName4 = SocketServer
		SccLocalPath4 = SocketServer
		SccProjectUniqueName5 = SOCKS5ServiceLibrary\\socks5.csproj
		SccProjectName5 = SOCKS5ServiceLibrary
		SccLocalPath5 = SOCKS5ServiceLibrary
		SccProjectUniqueName6 = WPFXMPPClient\\WPFXMPPClient.csproj
		SccProjectName6 = WPFXMPPClient
		SccLocalPath6 = WPFXMPPClient
		SccProjectUniqueName7 = XMPPClient\\PhoneXMPPClient.csproj
		SccProjectName7 = XMPPClient
		SccLocalPath7 = XMPPClient
		SccProjectUniqueName8 = XMPPLibrary\\xmpp.csproj
		SccProjectName8 = XMPPLibrary
		SccLocalPath8 = XMPPLibrary
		SccProjectUniqueName9 = Examples\\SOCKS5Test\\SOCKS5Test.csproj
		SccProjectTopLevelParentUniqueName9 = xmedianet.sln
		SccProjectName9 = Examples/SOCKS5Test
		SccLocalPath9 = Examples\\SOCKS5Test
		SccProjectUniqueName10 = GroceryList\\GroceryList.csproj
		SccProjectTopLevelParentUniqueName10 = xmedianet.sln
		SccProjectName10 = GroceryList
		SccLocalPath10 = GroceryList
		SccProjectUniqueName11 = JingleToneGeneratorService\\JingleToneGeneratorService.csproj
		SccProjectTopLevelParentUniqueName11 = xmedianet.sln
		SccProjectName11 = JingleToneGeneratorService
		SccLocalPath11 = JingleToneGeneratorService
		SccProjectUniqueName12 = Tests\\Tests.csproj
		SccProjectTopLevelParentUniqueName12 = xmedianet.sln
		SccProjectName12 = Tests
		SccLocalPath12 = Tests
		SccProjectUniqueName13 = OtherLibs\\WPFImageControls\\WPFImageWindows\\WPFImageWindows.csproj
		SccProjectTopLevelParentUniqueName13 = xmedianet.sln
		SccProjectName13 = OtherLibs/WPFImageControls/WPFImageWindows
		SccLocalPath13 = OtherLibs\\WPFImageControls\\WPFImageWindows
		SccProjectUniqueName14 = OtherLibs\\ImageUtils\\ImageUtils.vcxproj
		SccProjectTopLevelParentUniqueName14 = xmedianet.sln
		SccProjectName14 = OtherLibs/ImageUtils
		SccLocalPath14 = OtherLibs\\ImageUtils
		SccProjectUniqueName15 = OtherLibs\\AudioClasses\\AudioClasses.csproj
		SccProjectTopLevelParentUniqueName15 = xmedianet.sln
		SccProjectName15 = OtherLibs/AudioClasses
		SccLocalPath15 = OtherLibs\\AudioClasses
		SccProjectUniqueName16 = OtherLibs\\ImageAquisition\\ImageAquisition.vcxproj
		SccProjectTopLevelParentUniqueName16 = xmedianet.sln
		SccProjectName16 = OtherLibs/ImageAquisition
		SccLocalPath16 = OtherLibs\\ImageAquisition
		SccProjectUniqueName17 = phone.rtp\\phone.rtp.csproj
		SccProjectName17 = phone.rtp
		SccLocalPath17 = phone.rtp
		SccProjectUniqueName18 = OtherLibs\\phone.AudioClasses\\phone.AudioClasses.csproj
		SccProjectTopLevelParentUniqueName18 = xmedianet.sln
		SccProjectName18 = OtherLibs/phone.AudioClasses
		SccLocalPath18 = OtherLibs\\phone.AudioClasses
		SccProjectUniqueName19 = PhoneSoundEffectsAudioPlaybackAgent\\PhoneSoundEffectsAudioPlaybackAgent.csproj
		SccProjectName19 = PhoneSoundEffectsAudioPlaybackAgent
		SccLocalPath19 = PhoneSoundEffectsAudioPlaybackAgent
		SccProjectUniqueName20 = OtherLibs\\LocationClasses\\LocationClasses.csproj
		SccProjectTopLevelParentUniqueName20 = xmedianet.sln
		SccProjectName20 = OtherLibs/LocationClasses
		SccLocalPath20 = OtherLibs\\LocationClasses
	EndGlobalSection
	GlobalSection(SolutionConfigurationPlatforms) = preSolution
		Debug|Any CPU = Debug|Any CPU
		Debug|Mixed Platforms = Debug|Mixed Platforms
		Debug|Win32 = Debug|Win32
		Debug|x64 = Debug|x64
		Debug|x86 = Debug|x86
		Release|Any CPU = Release|Any CPU
		Release|Mixed Platforms = Release|Mixed Platforms
		Release|Win32 = Release|Win32
		Release|x64 = Release|x64
		Release|x86 = Release|x86
	EndGlobalSection
	GlobalSection(ProjectConfigurationPlatforms) = postSolution
		{77F78E2F-A04F-4823-A2A9-3F1F27D0F8B8}.Debug|Any CPU.ActiveCfg = Debug|Any CPU
		{77F78E2F-A04F-4823-A2A9-3F1F27D0F8B8}.Debug|Any CPU.Build.0 = Debug|Any CPU
		{77F78E2F-A04F-4823-A2A9-3F1F27D0F8B8}.Debug|Mixed Platforms.ActiveCfg = Debug|Any CPU
		{77F78E2F-A04F-4823-A2A9-3F1F27D0F8B8}.Debug|Mixed Platforms.Build.0 = Debug|Any CPU
		{77F78E2F-A04F-4823-A2A9-3F1F27D0F8B8}.Debug|Mixed Platforms.Deploy.0 = Debug|Any CPU
		{77F78E2F-A04F-4823-A2A9-3F1F27D0F8B8}.Debug|Win32.ActiveCfg = Debug|Any CPU
		{77F78E2F-A04F-4823-A2A9-3F1F27D0F8B8}.Debug|x64.ActiveCfg = Debug|Any CPU
		{77F78E2F-A04F-4823-A2A9-3F1F27D0F8B8}.Debug|x86.ActiveCfg = Debug|Any CPU
		{77F78E2F-A04F-4823-A2A9-3F1F27D0F8B8}.Release|Any CPU.ActiveCfg = Release|Any CPU
		{77F78E2F-A04F-4823-A2A9-3F1F27D0F8B8}.Release|Any CPU.Build.0 = Release|Any CPU
		{77F78E2F-A04F-4823-A2A9-3F1F27D0F8B8}.Release|Mixed Platforms.ActiveCfg = Release|Any CPU
		{77F78E2F-A04F-4823-A2A9-3F1F27D0F8B8}.Release|Mixed Platforms.Build.0 = Release|Any CPU
		{77F78E2F-A04F-4823-A2A9-3F1F27D0F8B8}.Release|Win32.ActiveCfg = Release|Any CPU
		{77F78E2F-A04F-4823-A2A9-3F1F27D0F8B8}.Release|x64.ActiveCfg = Release|Any CPU
		{77F78E2F-A04F-4823-A2A9-3F1F27D0F8B8}.Release|x86.ActiveCfg = Release|Any CPU
		{CCDE1A18-482A-469C-9115-3C51723026B7}.Debug|Any CPU.ActiveCfg = Debug|Any CPU
		{CCDE1A18-482A-469C-9115-3C51723026B7}.Debug|Any CPU.Build.0 = Debug|Any CPU
		{CCDE1A18-482A-469C-9115-3C51723026B7}.Debug|Mixed Platforms.ActiveCfg = Debug|Any CPU
		{CCDE1A18-482A-469C-9115-3C51723026B7}.Debug|Mixed Platforms.Build.0 = Debug|Any CPU
		{CCDE1A18-482A-469C-9115-3C51723026B7}.Debug|Win32.ActiveCfg = Debug|Any CPU
		{CCDE1A18-482A-469C-9115-3C51723026B7}.Debug|x64.ActiveCfg = Debug|Any CPU
		{CCDE1A18-482A-469C-9115-3C51723026B7}.Debug|x86.ActiveCfg = Debug|Any CPU
		{CCDE1A18-482A-469C-9115-3C51723026B7}.Release|Any CPU.ActiveCfg = Release|Any CPU
		{CCDE1A18-482A-469C-9115-3C51723026B7}.Release|Any CPU.Build.0 = Release|Any CPU
		{CCDE1A18-482A-469C-9115-3C51723026B7}.Release|Mixed Platforms.ActiveCfg = Release|Any CPU
		{CCDE1A18-482A-469C-9115-3C51723026B7}.Release|Mixed Platforms.Build.0 = Release|Any CPU
		{CCDE1A18-482A-469C-9115-3C51723026B7}.Release|Win32.ActiveCfg = Release|Any CPU
		{CCDE1A18-482A-469C-9115-3C51723026B7}.Release|x64.ActiveCfg = Release|Any CPU
		{CCDE1A18-482A-469C-9115-3C51723026B7}.Release|x86.ActiveCfg = Release|Any CPU
		{08CA3C52-B65B-43F1-B60E-9A0F53021959}.Debug|Any CPU.ActiveCfg = Debug|Any CPU
		{08CA3C52-B65B-43F1-B60E-9A0F53021959}.Debug|Any CPU.Build.0 = Debug|Any CPU
		{08CA3C52-B65B-43F1-B60E-9A0F53021959}.Debug|Mixed Platforms.ActiveCfg = Debug|Any CPU
		{08CA3C52-B65B-43F1-B60E-9A0F53021959}.Debug|Mixed Platforms.Build.0 = Debug|Any CPU
		{08CA3C52-B65B-43F1-B60E-9A0F53021959}.Debug|Win32.ActiveCfg = Debug|Any CPU
		{08CA3C52-B65B-43F1-B60E-9A0F53021959}.Debug|x64.ActiveCfg = Debug|Any CPU
		{08CA3C52-B65B-43F1-B60E-9A0F53021959}.Debug|x86.ActiveCfg = Debug|Any CPU
		{08CA3C52-B65B-43F1-B60E-9A0F53021959}.Release|Any CPU.ActiveCfg = Release|Any CPU
		{08CA3C52-B65B-43F1-B60E-9A0F53021959}.Release|Any CPU.Build.0 = Release|Any CPU
		{08CA3C52-B65B-43F1-B60E-9A0F53021959}.Release|Mixed Platforms.ActiveCfg = Release|Any CPU
		{08CA3C52-B65B-43F1-B60E-9A0F53021959}.Release|Mixed Platforms.Build.0 = Release|Any CPU
		{08CA3C52-B65B-43F1-B60E-9A0F53021959}.Release|Win32.ActiveCfg = Release|Any CPU
		{08CA3C52-B65B-43F1-B60E-9A0F53021959}.Release|x64.ActiveCfg = Release|Any CPU
		{08CA3C52-B65B-43F1-B60E-9A0F53021959}.Release|x86.ActiveCfg = Release|Any CPU
		{69A1BADF-4974-4D35-A3EC-75B77B0A003B}.Debug|Any CPU.ActiveCfg = Debug|Any CPU
		{69A1BADF-4974-4D35-A3EC-75B77B0A003B}.Debug|Any CPU.Build.0 = Debug|Any CPU
		{69A1BADF-4974-4D35-A3EC-75B77B0A003B}.Debug|Mixed Platforms.ActiveCfg = Debug|Any CPU
		{69A1BADF-4974-4D35-A3EC-75B77B0A003B}.Debug|Mixed Platforms.Build.0 = Debug|Any CPU
		{69A1BADF-4974-4D35-A3EC-75B77B0A003B}.Debug|Win32.ActiveCfg = Debug|Any CPU
		{69A1BADF-4974-4D35-A3EC-75B77B0A003B}.Debug|x64.ActiveCfg = Debug|Any CPU
		{69A1BADF-4974-4D35-A3EC-75B77B0A003B}.Debug|x86.ActiveCfg = Debug|Any CPU
		{69A1BADF-4974-4D35-A3EC-75B77B0A003B}.Release|Any CPU.ActiveCfg = Release|Any CPU
		{69A1BADF-4974-4D35-A3EC-75B77B0A003B}.Release|Any CPU.Build.0 = Release|Any CPU
		{69A1BADF-4974-4D35-A3EC-75B77B0A003B}.Release|Mixed Platforms.ActiveCfg = Release|Any CPU
		{69A1BADF-4974-4D35-A3EC-75B77B0A003B}.Release|Mixed Platforms.Build.0 = Release|Any CPU
		{69A1BADF-4974-4D35-A3EC-75B77B0A003B}.Release|Win32.ActiveCfg = Release|Any CPU
		{69A1BADF-4974-4D35-A3EC-75B77B0A003B}.Release|x64.ActiveCfg = Release|Any CPU
		{69A1BADF-4974-4D35-A3EC-75B77B0A003B}.Release|x86.ActiveCfg = Release|Any CPU
		{D30DED6E-E360-4DDD-BD14-02B9361E676E}.Debug|Any CPU.ActiveCfg = Debug|Any CPU
		{D30DED6E-E360-4DDD-BD14-02B9361E676E}.Debug|Any CPU.Build.0 = Debug|Any CPU
		{D30DED6E-E360-4DDD-BD14-02B9361E676E}.Debug|Mixed Platforms.ActiveCfg = Debug|Any CPU
		{D30DED6E-E360-4DDD-BD14-02B9361E676E}.Debug|Mixed Platforms.Build.0 = Debug|Any CPU
		{D30DED6E-E360-4DDD-BD14-02B9361E676E}.Debug|Win32.ActiveCfg = Debug|Any CPU
		{D30DED6E-E360-4DDD-BD14-02B9361E676E}.Debug|x64.ActiveCfg = Debug|Any CPU
		{D30DED6E-E360-4DDD-BD14-02B9361E676E}.Debug|x86.ActiveCfg = Debug|Any CPU
		{D30DED6E-E360-4DDD-BD14-02B9361E676E}.Release|Any CPU.ActiveCfg = Release|Any CPU
		{D30DED6E-E360-4DDD-BD14-02B9361E676E}.Release|Any CPU.Build.0 = Release|Any CPU
		{D30DED6E-E360-4DDD-BD14-02B9361E676E}.Release|Mixed Platforms.ActiveCfg = Release|Any CPU
		{D30DED6E-E360-4DDD-BD14-02B9361E676E}.Release|Mixed Platforms.Build.0 = Release|Any CPU
		{D30DED6E-E360-4DDD-BD14-02B9361E676E}.Release|Win32.ActiveCfg = Release|Any CPU
		{D30DED6E-E360-4DDD-BD14-02B9361E676E}.Release|x64.ActiveCfg = Release|Any CPU
		{D30DED6E-E360-4DDD-BD14-02B9361E676E}.Release|x86.ActiveCfg = Release|Any CPU
		{8DE3A173-A7A8-447F-846E-16C95F9C22AE}.Debug|Any CPU.ActiveCfg = Debug|Any CPU
		{8DE3A173-A7A8-447F-846E-16C95F9C22AE}.Debug|Any CPU.Build.0 = Debug|Any CPU
		{8DE3A173-A7A8-447F-846E-16C95F9C22AE}.Debug|Mixed Platforms.ActiveCfg = Debug|Any CPU
		{8DE3A173-A7A8-447F-846E-16C95F9C22AE}.Debug|Mixed Platforms.Build.0 = Debug|Any CPU
		{8DE3A173-A7A8-447F-846E-16C95F9C22AE}.Debug|Win32.ActiveCfg = Debug|Any CPU
		{8DE3A173-A7A8-447F-846E-16C95F9C22AE}.Debug|x64.ActiveCfg = Debug|Any CPU
		{8DE3A173-A7A8-447F-846E-16C95F9C22AE}.Debug|x86.ActiveCfg = Debug|Any CPU
		{8DE3A173-A7A8-447F-846E-16C95F9C22AE}.Release|Any CPU.ActiveCfg = Release|Any CPU
		{8DE3A173-A7A8-447F-846E-16C95F9C22AE}.Release|Any CPU.Build.0 = Release|Any CPU
		{8DE3A173-A7A8-447F-846E-16C95F9C22AE}.Release|Mixed Platforms.ActiveCfg = Release|Any CPU
		{8DE3A173-A7A8-447F-846E-16C95F9C22AE}.Release|Mixed Platforms.Build.0 = Release|Any CPU
		{8DE3A173-A7A8-447F-846E-16C95F9C22AE}.Release|Win32.ActiveCfg = Release|Any CPU
		{8DE3A173-A7A8-447F-846E-16C95F9C22AE}.Release|x64.ActiveCfg = Release|Any CPU
		{8DE3A173-A7A8-447F-846E-16C95F9C22AE}.Release|x86.ActiveCfg = Release|Any CPU
		{8629E306-E0C8-4523-AFF6-F88C6E8E8EDA}.Debug|Any CPU.ActiveCfg = Debug|Any CPU
		{8629E306-E0C8-4523-AFF6-F88C6E8E8EDA}.Debug|Any CPU.Build.0 = Debug|Any CPU
		{8629E306-E0C8-4523-AFF6-F88C6E8E8EDA}.Debug|Any CPU.Deploy.0 = Debug|Any CPU
		{8629E306-E0C8-4523-AFF6-F88C6E8E8EDA}.Debug|Mixed Platforms.ActiveCfg = Debug|Any CPU
		{8629E306-E0C8-4523-AFF6-F88C6E8E8EDA}.Debug|Mixed Platforms.Build.0 = Debug|Any CPU
		{8629E306-E0C8-4523-AFF6-F88C6E8E8EDA}.Debug|Win32.ActiveCfg = Debug|Any CPU
		{8629E306-E0C8-4523-AFF6-F88C6E8E8EDA}.Debug|x64.ActiveCfg = Debug|Any CPU
		{8629E306-E0C8-4523-AFF6-F88C6E8E8EDA}.Debug|x86.ActiveCfg = Debug|Any CPU
		{8629E306-E0C8-4523-AFF6-F88C6E8E8EDA}.Release|Any CPU.ActiveCfg = Release|Any CPU
		{8629E306-E0C8-4523-AFF6-F88C6E8E8EDA}.Release|Any CPU.Build.0 = Release|Any CPU
		{8629E306-E0C8-4523-AFF6-F88C6E8E8EDA}.Release|Mixed Platforms.ActiveCfg = Release|Any CPU
		{8629E306-E0C8-4523-AFF6-F88C6E8E8EDA}.Release|Mixed Platforms.Build.0 = Release|Any CPU
		{8629E306-E0C8-4523-AFF6-F88C6E8E8EDA}.Release|Win32.ActiveCfg = Release|Any CPU
		{8629E306-E0C8-4523-AFF6-F88C6E8E8EDA}.Release|x64.ActiveCfg = Release|Any CPU
		{8629E306-E0C8-4523-AFF6-F88C6E8E8EDA}.Release|x86.ActiveCfg = Release|Any CPU
		{F5A189B1-3E50-4E6F-996B-673CFA59EB3C}.Debug|Any CPU.ActiveCfg = Debug|x86
		{F5A189B1-3E50-4E6F-996B-673CFA59EB3C}.Debug|Any CPU.Build.0 = Debug|x86
		{F5A189B1-3E50-4E6F-996B-673CFA59EB3C}.Debug|Mixed Platforms.ActiveCfg = Debug|x86
		{F5A189B1-3E50-4E6F-996B-673CFA59EB3C}.Debug|Mixed Platforms.Build.0 = Debug|x86
		{F5A189B1-3E50-4E6F-996B-673CFA59EB3C}.Debug|Win32.ActiveCfg = Debug|x86
		{F5A189B1-3E50-4E6F-996B-673CFA59EB3C}.Debug|x64.ActiveCfg = Debug|x86
		{F5A189B1-3E50-4E6F-996B-673CFA59EB3C}.Debug|x86.ActiveCfg = Debug|x86
		{F5A189B1-3E50-4E6F-996B-673CFA59EB3C}.Debug|x86.Build.0 = Debug|x86
		{F5A189B1-3E50-4E6F-996B-673CFA59EB3C}.Release|Any CPU.ActiveCfg = Release|x86
		{F5A189B1-3E50-4E6F-996B-673CFA59EB3C}.Release|Any CPU.Build.0 = Release|x86
		{F5A189B1-3E50-4E6F-996B-673CFA59EB3C}.Release|Mixed Platforms.ActiveCfg = Release|x86
		{F5A189B1-3E50-4E6F-996B-673CFA59EB3C}.Release|Mixed Platforms.Build.0 = Release|x86
		{F5A189B1-3E50-4E6F-996B-673CFA59EB3C}.Release|Win32.ActiveCfg = Release|x86
		{F5A189B1-3E50-4E6F-996B-673CFA59EB3C}.Release|x64.ActiveCfg = Release|x86
		{F5A189B1-3E50-4E6F-996B-673CFA59EB3C}.Release|x86.ActiveCfg = Release|x86
		{F5A189B1-3E50-4E6F-996B-673CFA59EB3C}.Release|x86.Build.0 = Release|x86
		{672051E4-EB29-400C-BAC4-E4F057391557}.Debug|Any CPU.ActiveCfg = Debug|x86
		{672051E4-EB29-400C-BAC4-E4F057391557}.Debug|Mixed Platforms.ActiveCfg = Debug|x86
		{672051E4-EB29-400C-BAC4-E4F057391557}.Debug|Mixed Platforms.Build.0 = Debug|x86
		{672051E4-EB29-400C-BAC4-E4F057391557}.Debug|Win32.ActiveCfg = Debug|x86
		{672051E4-EB29-400C-BAC4-E4F057391557}.Debug|x64.ActiveCfg = Debug|x86
		{672051E4-EB29-400C-BAC4-E4F057391557}.Debug|x86.ActiveCfg = Debug|x86
		{672051E4-EB29-400C-BAC4-E4F057391557}.Debug|x86.Build.0 = Debug|x86
		{672051E4-EB29-400C-BAC4-E4F057391557}.Release|Any CPU.ActiveCfg = Release|x86
		{672051E4-EB29-400C-BAC4-E4F057391557}.Release|Mixed Platforms.ActiveCfg = Release|x86
		{672051E4-EB29-400C-BAC4-E4F057391557}.Release|Mixed Platforms.Build.0 = Release|x86
		{672051E4-EB29-400C-BAC4-E4F057391557}.Release|Win32.ActiveCfg = Release|x86
		{672051E4-EB29-400C-BAC4-E4F057391557}.Release|x64.ActiveCfg = Release|x86
		{672051E4-EB29-400C-BAC4-E4F057391557}.Release|x86.ActiveCfg = Release|x86
		{672051E4-EB29-400C-BAC4-E4F057391557}.Release|x86.Build.0 = Release|x86
		{7A6DED26-F6C0-4348-B7C8-31681236EBFD}.Debug|Any CPU.ActiveCfg = Debug|x86
		{7A6DED26-F6C0-4348-B7C8-31681236EBFD}.Debug|Mixed Platforms.ActiveCfg = Debug|x86
		{7A6DED26-F6C0-4348-B7C8-31681236EBFD}.Debug|Mixed Platforms.Build.0 = Debug|x86
		{7A6DED26-F6C0-4348-B7C8-31681236EBFD}.Debug|Win32.ActiveCfg = Debug|x86
		{7A6DED26-F6C0-4348-B7C8-31681236EBFD}.Debug|x64.ActiveCfg = Debug|x86
		{7A6DED26-F6C0-4348-B7C8-31681236EBFD}.Debug|x86.ActiveCfg = Debug|x86
		{7A6DED26-F6C0-4348-B7C8-31681236EBFD}.Debug|x86.Build.0 = Debug|x86
		{7A6DED26-F6C0-4348-B7C8-31681236EBFD}.Release|Any CPU.ActiveCfg = Release|x86
		{7A6DED26-F6C0-4348-B7C8-31681236EBFD}.Release|Mixed Platforms.ActiveCfg = Release|x86
		{7A6DED26-F6C0-4348-B7C8-31681236EBFD}.Release|Mixed Platforms.Build.0 = Release|x86
		{7A6DED26-F6C0-4348-B7C8-31681236EBFD}.Release|Win32.ActiveCfg = Release|x86
		{7A6DED26-F6C0-4348-B7C8-31681236EBFD}.Release|x64.ActiveCfg = Release|x86
		{7A6DED26-F6C0-4348-B7C8-31681236EBFD}.Release|x86.ActiveCfg = Release|x86
		{7A6DED26-F6C0-4348-B7C8-31681236EBFD}.Release|x86.Build.0 = Release|x86
		{3B0EB829-A618-47D7-A38A-E94545FF2FC1}.Debug|Any CPU.ActiveCfg = Debug|x86
		{3B0EB829-A618-47D7-A38A-E94545FF2FC1}.Debug|Mixed Platforms.ActiveCfg = Debug|x86
		{3B0EB829-A618-47D7-A38A-E94545FF2FC1}.Debug|Mixed Platforms.Build.0 = Debug|x86
		{3B0EB829-A618-47D7-A38A-E94545FF2FC1}.Debug|Win32.ActiveCfg = Debug|x86
		{3B0EB829-A618-47D7-A38A-E94545FF2FC1}.Debug|x64.ActiveCfg = Debug|x86
		{3B0EB829-A618-47D7-A38A-E94545FF2FC1}.Debug|x86.ActiveCfg = Debug|x86
		{3B0EB829-A618-47D7-A38A-E94545FF2FC1}.Debug|x86.Build.0 = Debug|x86
		{3B0EB829-A618-47D7-A38A-E94545FF2FC1}.Release|Any CPU.ActiveCfg = Release|x86
		{3B0EB829-A618-47D7-A38A-E94545FF2FC1}.Release|Mixed Platforms.ActiveCfg = Release|x86
		{3B0EB829-A618-47D7-A38A-E94545FF2FC1}.Release|Mixed Platforms.Build.0 = Release|x86
		{3B0EB829-A618-47D7-A38A-E94545FF2FC1}.Release|Win32.ActiveCfg = Release|x86
		{3B0EB829-A618-47D7-A38A-E94545FF2FC1}.Release|x64.ActiveCfg = Release|x86
		{3B0EB829-A618-47D7-A38A-E94545FF2FC1}.Release|x86.ActiveCfg = Release|x86
		{3B0EB829-A618-47D7-A38A-E94545FF2FC1}.Release|x86.Build.0 = Release|x86
		{66889025-CDAE-45AB-8839-569977CA05C1}.Debug|Any CPU.ActiveCfg = Debug|x86
		{66889025-CDAE-45AB-8839-569977CA05C1}.Debug|Mixed Platforms.ActiveCfg = Debug|x86
		{66889025-CDAE-45AB-8839-569977CA05C1}.Debug|Mixed Platforms.Build.0 = Debug|x86
		{66889025-CDAE-45AB-8839-569977CA05C1}.Debug|Win32.ActiveCfg = Debug|x86
		{66889025-CDAE-45AB-8839-569977CA05C1}.Debug|x64.ActiveCfg = Debug|x86
		{66889025-CDAE-45AB-8839-569977CA05C1}.Debug|x86.ActiveCfg = Debug|x86
		{66889025-CDAE-45AB-8839-569977CA05C1}.Debug|x86.Build.0 = Debug|x86
		{66889025-CDAE-45AB-8839-569977CA05C1}.Release|Any CPU.ActiveCfg = Release|x86
		{66889025-CDAE-45AB-8839-569977CA05C1}.Release|Mixed Platforms.ActiveCfg = Release|x86
		{66889025-CDAE-45AB-8839-569977CA05C1}.Release|Mixed Platforms.Build.0 = Release|x86
		{66889025-CDAE-45AB-8839-569977CA05C1}.Release|Win32.ActiveCfg = Release|x86
		{66889025-CDAE-45AB-8839-569977CA05C1}.Release|x64.ActiveCfg = Release|x86
		{66889025-CDAE-45AB-8839-569977CA05C1}.Release|x86.ActiveCfg = Release|x86
		{66889025-CDAE-45AB-8839-569977CA05C1}.Release|x86.Build.0 = Release|x86
		{53796A00-C33A-40FF-B28D-F977EB8A9103}.Debug|Any CPU.ActiveCfg = Debug|Win32
		{53796A00-C33A-40FF-B28D-F977EB8A9103}.Debug|Any CPU.Build.0 = Debug|Win32
		{53796A00-C33A-40FF-B28D-F977EB8A9103}.Debug|Mixed Platforms.ActiveCfg = Debug|Win32
		{53796A00-C33A-40FF-B28D-F977EB8A9103}.Debug|Mixed Platforms.Build.0 = Debug|Win32
		{53796A00-C33A-40FF-B28D-F977EB8A9103}.Debug|Win32.ActiveCfg = Debug|Win32
		{53796A00-C33A-40FF-B28D-F977EB8A9103}.Debug|Win32.Build.0 = Debug|Win32
		{53796A00-C33A-40FF-B28D-F977EB8A9103}.Debug|x64.ActiveCfg = Debug|Win32
		{53796A00-C33A-40FF-B28D-F977EB8A9103}.Debug|x86.ActiveCfg = Debug|Win32
		{53796A00-C33A-40FF-B28D-F977EB8A9103}.Release|Any CPU.ActiveCfg = Release|Win32
		{53796A00-C33A-40FF-B28D-F977EB8A9103}.Release|Any CPU.Build.0 = Release|Win32
		{53796A00-C33A-40FF-B28D-F977EB8A9103}.Release|Mixed Platforms.ActiveCfg = Release|Win32
		{53796A00-C33A-40FF-B28D-F977EB8A9103}.Release|Mixed Platforms.Build.0 = Release|Win32
		{53796A00-C33A-40FF-B28D-F977EB8A9103}.Release|Win32.ActiveCfg = Release|Win32
		{53796A00-C33A-40FF-B28D-F977EB8A9103}.Release|Win32.Build.0 = Release|Win32
		{53796A00-C33A-40FF-B28D-F977EB8A9103}.Release|x64.ActiveCfg = Release|Win32
		{53796A00-C33A-40FF-B28D-F977EB8A9103}.Release|x86.ActiveCfg = Release|Win32
		{B914EE15-6A3C-4BAA-AB12-932D1325C86D}.Debug|Any CPU.ActiveCfg = Debug|x86
		{B914EE15-6A3C-4BAA-AB12-932D1325C86D}.Debug|Any CPU.Build.0 = Debug|x86
		{B914EE15-6A3C-4BAA-AB12-932D1325C86D}.Debug|Mixed Platforms.ActiveCfg = Debug|x86
		{B914EE15-6A3C-4BAA-AB12-932D1325C86D}.Debug|Mixed Platforms.Build.0 = Debug|x86
		{B914EE15-6A3C-4BAA-AB12-932D1325C86D}.Debug|Win32.ActiveCfg = Debug|x86
		{B914EE15-6A3C-4BAA-AB12-932D1325C86D}.Debug|x64.ActiveCfg = Debug|x86
		{B914EE15-6A3C-4BAA-AB12-932D1325C86D}.Debug|x86.ActiveCfg = Debug|x86
		{B914EE15-6A3C-4BAA-AB12-932D1325C86D}.Debug|x86.Build.0 = Debug|x86
		{B914EE15-6A3C-4BAA-AB12-932D1325C86D}.Release|Any CPU.ActiveCfg = Release|x86
		{B914EE15-6A3C-4BAA-AB12-932D1325C86D}.Release|Any CPU.Build.0 = Release|x86
		{B914EE15-6A3C-4BAA-AB12-932D1325C86D}.Release|Mixed Platforms.ActiveCfg = Release|x86
		{B914EE15-6A3C-4BAA-AB12-932D1325C86D}.Release|Mixed Platforms.Build.0 = Release|x86
		{B914EE15-6A3C-4BAA-AB12-932D1325C86D}.Release|Win32.ActiveCfg = Release|x86
		{B914EE15-6A3C-4BAA-AB12-932D1325C86D}.Release|x64.ActiveCfg = Release|x86
		{B914EE15-6A3C-4BAA-AB12-932D1325C86D}.Release|x86.ActiveCfg = Release|x86
		{B914EE15-6A3C-4BAA-AB12-932D1325C86D}.Release|x86.Build.0 = Release|x86
		{CB219B28-DC51-4E22-BC61-80B97D8A39C0}.Debug|Any CPU.ActiveCfg = Debug|Any CPU
		{CB219B28-DC51-4E22-BC61-80B97D8A39C0}.Debug|Any CPU.Build.0 = Debug|Any CPU
		{CB219B28-DC51-4E22-BC61-80B97D8A39C0}.Debug|Mixed Platforms.ActiveCfg = Debug|Any CPU
		{CB219B28-DC51-4E22-BC61-80B97D8A39C0}.Debug|Mixed Platforms.Build.0 = Debug|Any CPU
		{CB219B28-DC51-4E22-BC61-80B97D8A39C0}.Debug|Win32.ActiveCfg = Debug|x64
		{CB219B28-DC51-4E22-BC61-80B97D8A39C0}.Debug|x64.ActiveCfg = Debug|x64
		{CB219B28-DC51-4E22-BC61-80B97D8A39C0}.Debug|x64.Build.0 = Debug|x64
		{CB219B28-DC51-4E22-BC61-80B97D8A39C0}.Debug|x86.ActiveCfg = Debug|x64
		{CB219B28-DC51-4E22-BC61-80B97D8A39C0}.Release|Any CPU.ActiveCfg = Release|Any CPU
		{CB219B28-DC51-4E22-BC61-80B97D8A39C0}.Release|Any CPU.Build.0 = Release|Any CPU
		{CB219B28-DC51-4E22-BC61-80B97D8A39C0}.Release|Mixed Platforms.ActiveCfg = Release|Any CPU
		{CB219B28-DC51-4E22-BC61-80B97D8A39C0}.Release|Mixed Platforms.Build.0 = Release|Any CPU
		{CB219B28-DC51-4E22-BC61-80B97D8A39C0}.Release|Win32.ActiveCfg = Release|x64
		{CB219B28-DC51-4E22-BC61-80B97D8A39C0}.Release|x64.ActiveCfg = Release|x64
		{CB219B28-DC51-4E22-BC61-80B97D8A39C0}.Release|x64.Build.0 = Release|x64
		{CB219B28-DC51-4E22-BC61-80B97D8A39C0}.Release|x86.ActiveCfg = Release|x64
		{6D3414FC-4336-426A-BED4-814AB331FDF0}.Debug|Any CPU.ActiveCfg = Debug|Win32
		{6D3414FC-4336-426A-BED4-814AB331FDF0}.Debug|Any CPU.Build.0 = Debug|Win32
		{6D3414FC-4336-426A-BED4-814AB331FDF0}.Debug|Mixed Platforms.ActiveCfg = Debug|Win32
		{6D3414FC-4336-426A-BED4-814AB331FDF0}.Debug|Mixed Platforms.Build.0 = Debug|Win32
		{6D3414FC-4336-426A-BED4-814AB331FDF0}.Debug|Win32.ActiveCfg = Debug|Win32
		{6D3414FC-4336-426A-BED4-814AB331FDF0}.Debug|Win32.Build.0 = Debug|Win32
		{6D3414FC-4336-426A-BED4-814AB331FDF0}.Debug|x64.ActiveCfg = Debug|x64
		{6D3414FC-4336-426A-BED4-814AB331FDF0}.Debug|x64.Build.0 = Debug|x64
		{6D3414FC-4336-426A-BED4-814AB331FDF0}.Debug|x86.ActiveCfg = Debug|x64
		{6D3414FC-4336-426A-BED4-814AB331FDF0}.Release|Any CPU.ActiveCfg = Release|Win32
		{6D3414FC-4336-426A-BED4-814AB331FDF0}.Release|Any CPU.Build.0 = Release|Win32
		{6D3414FC-4336-426A-BED4-814AB331FDF0}.Release|Mixed Platforms.ActiveCfg = Release|Win32
		{6D3414FC-4336-426A-BED4-814AB331FDF0}.Release|Mixed Platforms.Build.0 = Release|Win32
		{6D3414FC-4336-426A-BED4-814AB331FDF0}.Release|Win32.ActiveCfg = Release|Win32
		{6D3414FC-4336-426A-BED4-814AB331FDF0}.Release|Win32.Build.0 = Release|Win32
		{6D3414FC-4336-426A-BED4-814AB331FDF0}.Release|x64.ActiveCfg = Release|x64
		{6D3414FC-4336-426A-BED4-814AB331FDF0}.Release|x64.Build.0 = Release|x64
		{6D3414FC-4336-426A-BED4-814AB331FDF0}.Release|x86.ActiveCfg = Release|x64
		{7EC1E48F-1605-499B-906A-ECA507BB27F8}.Debug|Any CPU.ActiveCfg = Debug|Any CPU
		{7EC1E48F-1605-499B-906A-ECA507BB27F8}.Debug|Any CPU.Build.0 = Debug|Any CPU
		{7EC1E48F-1605-499B-906A-ECA507BB27F8}.Debug|Mixed Platforms.ActiveCfg = Debug|Any CPU
		{7EC1E48F-1605-499B-906A-ECA507BB27F8}.Debug|Mixed Platforms.Build.0 = Debug|Any CPU
		{7EC1E48F-1605-499B-906A-ECA507BB27F8}.Debug|Win32.ActiveCfg = Debug|Any CPU
		{7EC1E48F-1605-499B-906A-ECA507BB27F8}.Debug|x64.ActiveCfg = Debug|Any CPU
		{7EC1E48F-1605-499B-906A-ECA507BB27F8}.Debug|x86.ActiveCfg = Debug|Any CPU
		{7EC1E48F-1605-499B-906A-ECA507BB27F8}.Release|Any CPU.ActiveCfg = Release|Any CPU
		{7EC1E48F-1605-499B-906A-ECA507BB27F8}.Release|Any CPU.Build.0 = Release|Any CPU
		{7EC1E48F-1605-499B-906A-ECA507BB27F8}.Release|Mixed Platforms.ActiveCfg = Release|Any CPU
		{7EC1E48F-1605-499B-906A-ECA507BB27F8}.Release|Mixed Platforms.Build.0 = Release|Any CPU
		{7EC1E48F-1605-499B-906A-ECA507BB27F8}.Release|Win32.ActiveCfg = Release|Any CPU
		{7EC1E48F-1605-499B-906A-ECA507BB27F8}.Release|x64.ActiveCfg = Release|Any CPU
		{7EC1E48F-1605-499B-906A-ECA507BB27F8}.Release|x86.ActiveCfg = Release|Any CPU
		{AA9373BE-5A3F-4DA0-86D8-448D2AA9BBAD}.Debug|Any CPU.ActiveCfg = Debug|Any CPU
		{AA9373BE-5A3F-4DA0-86D8-448D2AA9BBAD}.Debug|Any CPU.Build.0 = Debug|Any CPU
		{AA9373BE-5A3F-4DA0-86D8-448D2AA9BBAD}.Debug|Mixed Platforms.ActiveCfg = Debug|Any CPU
		{AA9373BE-5A3F-4DA0-86D8-448D2AA9BBAD}.Debug|Mixed Platforms.Build.0 = Debug|Any CPU
		{AA9373BE-5A3F-4DA0-86D8-448D2AA9BBAD}.Debug|Win32.ActiveCfg = Debug|Any CPU
		{AA9373BE-5A3F-4DA0-86D8-448D2AA9BBAD}.Debug|x64.ActiveCfg = Debug|Any CPU
		{AA9373BE-5A3F-4DA0-86D8-448D2AA9BBAD}.Debug|x86.ActiveCfg = Debug|Any CPU
		{AA9373BE-5A3F-4DA0-86D8-448D2AA9BBAD}.Release|Any CPU.ActiveCfg = Release|Any CPU
		{AA9373BE-5A3F-4DA0-86D8-448D2AA9BBAD}.Release|Any CPU.Build.0 = Release|Any CPU
		{AA9373BE-5A3F-4DA0-86D8-448D2AA9BBAD}.Release|Mixed Platforms.ActiveCfg = Release|Any CPU
		{AA9373BE-5A3F-4DA0-86D8-448D2AA9BBAD}.Release|Mixed Platforms.Build.0 = Release|Any CPU
		{AA9373BE-5A3F-4DA0-86D8-448D2AA9BBAD}.Release|Win32.ActiveCfg = Release|Any CPU
		{AA9373BE-5A3F-4DA0-86D8-448D2AA9BBAD}.Release|x64.ActiveCfg = Release|Any CPU
		{AA9373BE-5A3F-4DA0-86D8-448D2AA9BBAD}.Release|x86.ActiveCfg = Release|Any CPU
		{741BC747-C5AF-4558-8E83-2E214F2EEF47}.Debug|Any CPU.ActiveCfg = Debug|Any CPU
		{741BC747-C5AF-4558-8E83-2E214F2EEF47}.Debug|Any CPU.Build.0 = Debug|Any CPU
		{741BC747-C5AF-4558-8E83-2E214F2EEF47}.Debug|Mixed Platforms.ActiveCfg = Debug|Any CPU
		{741BC747-C5AF-4558-8E83-2E214F2EEF47}.Debug|Mixed Platforms.Build.0 = Debug|Any CPU
		{741BC747-C5AF-4558-8E83-2E214F2EEF47}.Debug|Win32.ActiveCfg = Debug|Any CPU
		{741BC747-C5AF-4558-8E83-2E214F2EEF47}.Debug|x64.ActiveCfg = Debug|Any CPU
		{741BC747-C5AF-4558-8E83-2E214F2EEF47}.Debug|x86.ActiveCfg = Debug|Any CPU
		{741BC747-C5AF-4558-8E83-2E214F2EEF47}.Release|Any CPU.ActiveCfg = Release|Any CPU
		{741BC747-C5AF-4558-8E83-2E214F2EEF47}.Release|Any CPU.Build.0 = Release|Any CPU
		{741BC747-C5AF-4558-8E83-2E214F2EEF47}.Release|Mixed Platforms.ActiveCfg = Release|Any CPU
		{741BC747-C5AF-4558-8E83-2E214F2EEF47}.Release|Mixed Platforms.Build.0 = Release|Any CPU
		{741BC747-C5AF-4558-8E83-2E214F2EEF47}.Release|Win32.ActiveCfg = Release|Any CPU
		{741BC747-C5AF-4558-8E83-2E214F2EEF47}.Release|x64.ActiveCfg = Release|Any CPU
		{741BC747-C5AF-4558-8E83-2E214F2EEF47}.Release|x86.ActiveCfg = Release|Any CPU
		{D6B49DD9-1145-4F43-A48F-CB47C2CA15C4}.Debug|Any CPU.ActiveCfg = Debug|Any CPU
		{D6B49DD9-1145-4F43-A48F-CB47C2CA15C4}.Debug|Any CPU.Build.0 = Debug|Any CPU
		{D6B49DD9-1145-4F43-A48F-CB47C2CA15C4}.Debug|Mixed Platforms.ActiveCfg = Debug|Any CPU
		{D6B49DD9-1145-4F43-A48F-CB47C2CA15C4}.Debug|Mixed Platforms.Build.0 = Debug|Any CPU
		{D6B49DD9-1145-4F43-A48F-CB47C2CA15C4}.Debug|Win32.ActiveCfg = Debug|Any CPU
		{D6B49DD9-1145-4F43-A48F-CB47C2CA15C4}.Debug|x64.ActiveCfg = Debug|Any CPU
		{D6B49DD9-1145-4F43-A48F-CB47C2CA15C4}.Debug|x86.ActiveCfg = Debug|Any CPU
		{D6B49DD9-1145-4F43-A48F-CB47C2CA15C4}.Release|Any CPU.ActiveCfg = Release|Any CPU
		{D6B49DD9-1145-4F43-A48F-CB47C2CA15C4}.Release|Any CPU.Build.0 = Release|Any CPU
		{D6B49DD9-1145-4F43-A48F-CB47C2CA15C4}.Release|Mixed Platforms.ActiveCfg = Release|Any CPU
		{D6B49DD9-1145-4F43-A48F-CB47C2CA15C4}.Release|Mixed Platforms.Build.0 = Release|Any CPU
		{D6B49DD9-1145-4F43-A48F-CB47C2CA15C4}.Release|Win32.ActiveCfg = Release|Any CPU
		{D6B49DD9-1145-4F43-A48F-CB47C2CA15C4}.Release|x64.ActiveCfg = Release|Any CPU
		{D6B49DD9-1145-4F43-A48F-CB47C2CA15C4}.Release|x86.ActiveCfg = Release|Any CPU
	EndGlobalSection
	GlobalSection(SolutionProperties) = preSolution
		HideSolutionNode = FALSE
	EndGlobalSection
	GlobalSection(NestedProjects) = preSolution
		{672051E4-EB29-400C-BAC4-E4F057391557} = {A6BE34E5-E742-448F-B64C-F7A958A48805}
		{7A6DED26-F6C0-4348-B7C8-31681236EBFD} = {A6BE34E5-E742-448F-B64C-F7A958A48805}
		{3B0EB829-A618-47D7-A38A-E94545FF2FC1} = {A6BE34E5-E742-448F-B64C-F7A958A48805}
		{66889025-CDAE-45AB-8839-569977CA05C1} = {A6BE34E5-E742-448F-B64C-F7A958A48805}
		{53796A00-C33A-40FF-B28D-F977EB8A9103} = {10512982-5268-4102-A137-C334F3ABF856}
		{B914EE15-6A3C-4BAA-AB12-932D1325C86D} = {10512982-5268-4102-A137-C334F3ABF856}
		{CB219B28-DC51-4E22-BC61-80B97D8A39C0} = {10512982-5268-4102-A137-C334F3ABF856}
		{6D3414FC-4336-426A-BED4-814AB331FDF0} = {10512982-5268-4102-A137-C334F3ABF856}
		{AA9373BE-5A3F-4DA0-86D8-448D2AA9BBAD} = {10512982-5268-4102-A137-C334F3ABF856}
		{D6B49DD9-1145-4F43-A48F-CB47C2CA15C4} = {10512982-5268-4102-A137-C334F3ABF856}
	EndGlobalSection
EndGlobal
